
Microsoft Visual Studio Solution File, Format Version 12.00
# Visual Studio 15
VisualStudioVersion = 15.0.28307.645
MinimumVisualStudioVersion = 10.0.40219.1
Project("{FAE04EC0-301F-11D3-BF4B-00C04F79EFBC}") = "Practice-01-WindowsFormsApp", "Practice-01-WindowsFormsApp\Practice-01-WindowsFormsApp.csproj", "{01722F2B-8B2B-427F-8BEE-29A629D725DD}"
EndProject
Global
	GlobalSection(SolutionConfigurationPlatforms) = preSolution
		Debug|Any CPU = Debug|Any CPU
		Release|Any CPU = Release|Any CPU
	EndGlobalSection
	GlobalSection(ProjectConfigurationPlatforms) = postSolution
		{01722F2B-8B2B-427F-8BEE-29A629D725DD}.Debug|Any CPU.ActiveCfg = Debug|Any CPU
		{01722F2B-8B2B-427F-8BEE-29A629D725DD}.Debug|Any CPU.Build.0 = Debug|Any CPU
		{01722F2B-8B2B-427F-8BEE-29A629D725DD}.Release|Any CPU.ActiveCfg = Release|Any CPU
		{01722F2B-8B2B-427F-8BEE-29A629D725DD}.Release|Any CPU.Build.0 = Release|Any CPU
	EndGlobalSection
	GlobalSection(SolutionProperties) = preSolution
		HideSolutionNode = FALSE
	EndGlobalSection
	GlobalSection(ExtensibilityGlobals) = postSolution
		SolutionGuid = {F7FA5276-3BF7-4628-8578-221770451CA9}
	EndGlobalSection
EndGlobal
